
Microsoft Visual Studio Solution File, Format Version 12.00
# Visual Studio Version 17
VisualStudioVersion = 17.2.32616.157
MinimumVisualStudioVersion = 10.0.40219.1
Project("{FAE04EC0-301F-11D3-BF4B-00C04F79EFBC}") = "DiscordChatParser", "DiscordChatParser\DiscordChatParser.csproj", "{6398C96A-EA94-4F1A-BE63-BC77E6013A79}"
EndProject
Global
	GlobalSection(SolutionConfigurationPlatforms) = preSolution
		Debug|Any CPU = Debug|Any CPU
		Release|Any CPU = Release|Any CPU
	EndGlobalSection
	GlobalSection(ProjectConfigurationPlatforms) = postSolution
		{6398C96A-EA94-4F1A-BE63-BC77E6013A79}.Debug|Any CPU.ActiveCfg = Debug|Any CPU
		{6398C96A-EA94-4F1A-BE63-BC77E6013A79}.Debug|Any CPU.Build.0 = Debug|Any CPU
		{6398C96A-EA94-4F1A-BE63-BC77E6013A79}.Release|Any CPU.ActiveCfg = Release|Any CPU
		{6398C96A-EA94-4F1A-BE63-BC77E6013A79}.Release|Any CPU.Build.0 = Release|Any CPU
	EndGlobalSection
	GlobalSection(SolutionProperties) = preSolution
		HideSolutionNode = FALSE
	EndGlobalSection
	GlobalSection(ExtensibilityGlobals) = postSolution
		SolutionGuid = {11EF4BB2-1556-43A5-88E0-FE7B7246BA16}
	EndGlobalSection
EndGlobal
